
Microsoft Visual Studio Solution File, Format Version 12.00
# Visual Studio Version 17
VisualStudioVersion = 17.7.34202.233
MinimumVisualStudioVersion = 10.0.40219.1
Project("{FAE04EC0-301F-11D3-BF4B-00C04F79EFBC}") = "sql_ile_veri_bagla", "sql_ile_veri_bagla\sql_ile_veri_bagla.csproj", "{DB179013-F71A-4321-85C0-9445D70E91A2}"
EndProject
Global
	GlobalSection(SolutionConfigurationPlatforms) = preSolution
		Debug|Any CPU = Debug|Any CPU
		Release|Any CPU = Release|Any CPU
	EndGlobalSection
	GlobalSection(ProjectConfigurationPlatforms) = postSolution
		{DB179013-F71A-4321-85C0-9445D70E91A2}.Debug|Any CPU.ActiveCfg = Debug|Any CPU
		{DB179013-F71A-4321-85C0-9445D70E91A2}.Debug|Any CPU.Build.0 = Debug|Any CPU
		{DB179013-F71A-4321-85C0-9445D70E91A2}.Release|Any CPU.ActiveCfg = Release|Any CPU
		{DB179013-F71A-4321-85C0-9445D70E91A2}.Release|Any CPU.Build.0 = Release|Any CPU
	EndGlobalSection
	GlobalSection(SolutionProperties) = preSolution
		HideSolutionNode = FALSE
	EndGlobalSection
	GlobalSection(ExtensibilityGlobals) = postSolution
		SolutionGuid = {56DFCE2A-B440-4F61-8BB3-7C98C018DE06}
	EndGlobalSection
EndGlobal
